Microsoft Visual Studio Solution File, Format Version 12.00
# Visual Studio 2012
Project("{FAE04EC0-301F-11D3-BF4B-00C04F79EFBC}") = "Final Fantasy Remake", "Final Fantasy Remake.csproj", "{FEF0B01A-2ECD-4936-99BF-47720C33E37E}"
EndProject
Global
	GlobalSection(SolutionConfigurationPlatforms) = preSolution
	Debug|Any CPU = Debug|Any CPU
	ExportDebug|Any CPU = ExportDebug|Any CPU
	ExportRelease|Any CPU = ExportRelease|Any CPU
	EndGlobalSection
	GlobalSection(ProjectConfigurationPlatforms) = postSolution
		{FEF0B01A-2ECD-4936-99BF-47720C33E37E}.Debug|Any CPU.ActiveCfg = Debug|Any CPU
		{FEF0B01A-2ECD-4936-99BF-47720C33E37E}.Debug|Any CPU.Build.0 = Debug|Any CPU
		{FEF0B01A-2ECD-4936-99BF-47720C33E37E}.ExportDebug|Any CPU.ActiveCfg = ExportDebug|Any CPU
		{FEF0B01A-2ECD-4936-99BF-47720C33E37E}.ExportDebug|Any CPU.Build.0 = ExportDebug|Any CPU
		{FEF0B01A-2ECD-4936-99BF-47720C33E37E}.ExportRelease|Any CPU.ActiveCfg = ExportRelease|Any CPU
		{FEF0B01A-2ECD-4936-99BF-47720C33E37E}.ExportRelease|Any CPU.Build.0 = ExportRelease|Any CPU
	EndGlobalSection
EndGlobal
